
Microsoft Visual Studio Solution File, Format Version 12.00
# Visual Studio Version 17
VisualStudioVersion = 17.5.33627.172
MinimumVisualStudioVersion = 10.0.40219.1
Project("{FAE04EC0-301F-11D3-BF4B-00C04F79EFBC}") = "inheritance2", "inheritance2\inheritance2.csproj", "{56773530-DEB7-4120-83D4-0347978E5E92}"
EndProject
Global
	GlobalSection(SolutionConfigurationPlatforms) = preSolution
		Debug|Any CPU = Debug|Any CPU
		Release|Any CPU = Release|Any CPU
	EndGlobalSection
	GlobalSection(ProjectConfigurationPlatforms) = postSolution
		{56773530-DEB7-4120-83D4-0347978E5E92}.Debug|Any CPU.ActiveCfg = Debug|Any CPU
		{56773530-DEB7-4120-83D4-0347978E5E92}.Debug|Any CPU.Build.0 = Debug|Any CPU
		{56773530-DEB7-4120-83D4-0347978E5E92}.Release|Any CPU.ActiveCfg = Release|Any CPU
		{56773530-DEB7-4120-83D4-0347978E5E92}.Release|Any CPU.Build.0 = Release|Any CPU
	EndGlobalSection
	GlobalSection(SolutionProperties) = preSolution
		HideSolutionNode = FALSE
	EndGlobalSection
	GlobalSection(ExtensibilityGlobals) = postSolution
		SolutionGuid = {C69F94E8-F275-485F-A0FF-62963F22FAE6}
	EndGlobalSection
EndGlobal
